
Microsoft Visual Studio Solution File, Format Version 12.00
# Visual Studio Version 17
VisualStudioVersion = 17.10.35027.167
MinimumVisualStudioVersion = 10.0.40219.1
Project("{FAE04EC0-301F-11D3-BF4B-00C04F79EFBC}") = "Pawsitive", "Pawsitive\Pawsitive.csproj", "{EBE52611-F5A3-4CA5-BCF5-31CDB6911C32}"
EndProject
Global
	GlobalSection(SolutionConfigurationPlatforms) = preSolution
		Debug|Any CPU = Debug|Any CPU
		Release|Any CPU = Release|Any CPU
	EndGlobalSection
	GlobalSection(ProjectConfigurationPlatforms) = postSolution
		{EBE52611-F5A3-4CA5-BCF5-31CDB6911C32}.Debug|Any CPU.ActiveCfg = Debug|Any CPU
		{EBE52611-F5A3-4CA5-BCF5-31CDB6911C32}.Debug|Any CPU.Build.0 = Debug|Any CPU
		{EBE52611-F5A3-4CA5-BCF5-31CDB6911C32}.Release|Any CPU.ActiveCfg = Release|Any CPU
		{EBE52611-F5A3-4CA5-BCF5-31CDB6911C32}.Release|Any CPU.Build.0 = Release|Any CPU
	EndGlobalSection
	GlobalSection(SolutionProperties) = preSolution
		HideSolutionNode = FALSE
	EndGlobalSection
	GlobalSection(ExtensibilityGlobals) = postSolution
		SolutionGuid = {04FE1D9C-1E82-48A0-A59B-1B8C3D97D816}
	EndGlobalSection
EndGlobal
